
Microsoft Visual Studio Solution File, Format Version 12.00
# Visual Studio 14
VisualStudioVersion = 14.0.24720.0
MinimumVisualStudioVersion = 10.0.40219.1
Project("{FAE04EC0-301F-11D3-BF4B-00C04F79EFBC}") = "GitTest", "GitTest\GitTest\GitTest.csproj", "{1A5F480F-3E26-4C7D-8A51-EDD01D812414}"
EndProject
Project("{FAE04EC0-301F-11D3-BF4B-00C04F79EFBC}") = "GitTest.DataAccess", "GitTest\GitTest.DataAccess\GitTest.DataAccess.csproj", "{AC6D6027-EC01-4FE0-987D-4628D1B153C4}"
EndProject
Project("{FAE04EC0-301F-11D3-BF4B-00C04F79EFBC}") = "GitTest.Model", "GitTest\GitTest.Model\GitTest.Model.csproj", "{0D309AAA-7BBD-434B-8D50-9809340D740E}"
EndProject
Project("{FAE04EC0-301F-11D3-BF4B-00C04F79EFBC}") = "GitTest.ViewModel", "GitTest\GitTest.ViewModel\GitTest.ViewModel.csproj", "{AEF1E9BC-A09F-4A2E-87A1-825A6BBEE83B}"
EndProject
Project("{FAE04EC0-301F-11D3-BF4B-00C04F79EFBC}") = "GitTest.Resource", "GitTest\GitTest.Resource\GitTest.Resource.csproj", "{AFF4352A-3A5C-42D3-B9C9-6C7199F712ED}"
EndProject
Global
	GlobalSection(SolutionConfigurationPlatforms) = preSolution
		Debug|Any CPU = Debug|Any CPU
		Release|Any CPU = Release|Any CPU
	EndGlobalSection
	GlobalSection(ProjectConfigurationPlatforms) = postSolution
		{1A5F480F-3E26-4C7D-8A51-EDD01D812414}.Debug|Any CPU.ActiveCfg = Debug|Any CPU
		{1A5F480F-3E26-4C7D-8A51-EDD01D812414}.Debug|Any CPU.Build.0 = Debug|Any CPU
		{1A5F480F-3E26-4C7D-8A51-EDD01D812414}.Release|Any CPU.ActiveCfg = Release|Any CPU
		{1A5F480F-3E26-4C7D-8A51-EDD01D812414}.Release|Any CPU.Build.0 = Release|Any CPU
		{AC6D6027-EC01-4FE0-987D-4628D1B153C4}.Debug|Any CPU.ActiveCfg = Debug|Any CPU
		{AC6D6027-EC01-4FE0-987D-4628D1B153C4}.Debug|Any CPU.Build.0 = Debug|Any CPU
		{AC6D6027-EC01-4FE0-987D-4628D1B153C4}.Release|Any CPU.ActiveCfg = Release|Any CPU
		{AC6D6027-EC01-4FE0-987D-4628D1B153C4}.Release|Any CPU.Build.0 = Release|Any CPU
		{0D309AAA-7BBD-434B-8D50-9809340D740E}.Debug|Any CPU.ActiveCfg = Debug|Any CPU
		{0D309AAA-7BBD-434B-8D50-9809340D740E}.Debug|Any CPU.Build.0 = Debug|Any CPU
		{0D309AAA-7BBD-434B-8D50-9809340D740E}.Release|Any CPU.ActiveCfg = Release|Any CPU
		{0D309AAA-7BBD-434B-8D50-9809340D740E}.Release|Any CPU.Build.0 = Release|Any CPU
		{AEF1E9BC-A09F-4A2E-87A1-825A6BBEE83B}.Debug|Any CPU.ActiveCfg = Debug|Any CPU
		{AEF1E9BC-A09F-4A2E-87A1-825A6BBEE83B}.Debug|Any CPU.Build.0 = Debug|Any CPU
		{AEF1E9BC-A09F-4A2E-87A1-825A6BBEE83B}.Release|Any CPU.ActiveCfg = Release|Any CPU
		{AEF1E9BC-A09F-4A2E-87A1-825A6BBEE83B}.Release|Any CPU.Build.0 = Release|Any CPU
		{AFF4352A-3A5C-42D3-B9C9-6C7199F712ED}.Debug|Any CPU.ActiveCfg = Debug|Any CPU
		{AFF4352A-3A5C-42D3-B9C9-6C7199F712ED}.Debug|Any CPU.Build.0 = Debug|Any CPU
		{AFF4352A-3A5C-42D3-B9C9-6C7199F712ED}.Release|Any CPU.ActiveCfg = Release|Any CPU
		{AFF4352A-3A5C-42D3-B9C9-6C7199F712ED}.Release|Any CPU.Build.0 = Release|Any CPU
	EndGlobalSection
	GlobalSection(SolutionProperties) = preSolution
		HideSolutionNode = FALSE
	EndGlobalSection
EndGlobal
